
Microsoft Visual Studio Solution File, Format Version 12.00
# Visual Studio Version 17
VisualStudioVersion = 17.14.36915.13 d17.14
MinimumVisualStudioVersion = 10.0.40219.1
Project("{FAE04EC0-301F-11D3-BF4B-00C04F79EFBC}") = "G-NET-7-LINQ02", "G-NET-7-LINQ02.csproj", "{71FECCC5-8750-4C5B-AD91-8A8E788BC6BB}"
EndProject
Global
	GlobalSection(SolutionConfigurationPlatforms) = preSolution
		Debug|Any CPU = Debug|Any CPU
		Release|Any CPU = Release|Any CPU
	EndGlobalSection
	GlobalSection(ProjectConfigurationPlatforms) = postSolution
		{71FECCC5-8750-4C5B-AD91-8A8E788BC6BB}.Debug|Any CPU.ActiveCfg = Debug|Any CPU
		{71FECCC5-8750-4C5B-AD91-8A8E788BC6BB}.Debug|Any CPU.Build.0 = Debug|Any CPU
		{71FECCC5-8750-4C5B-AD91-8A8E788BC6BB}.Release|Any CPU.ActiveCfg = Release|Any CPU
		{71FECCC5-8750-4C5B-AD91-8A8E788BC6BB}.Release|Any CPU.Build.0 = Release|Any CPU
	EndGlobalSection
	GlobalSection(SolutionProperties) = preSolution
		HideSolutionNode = FALSE
	EndGlobalSection
	GlobalSection(ExtensibilityGlobals) = postSolution
		SolutionGuid = {B72EEC23-2160-442A-985E-F040008C2D0E}
	EndGlobalSection
EndGlobal
